
Microsoft Visual Studio Solution File, Format Version 12.00
# Visual Studio Version 17
VisualStudioVersion = 17.8.34322.80
MinimumVisualStudioVersion = 10.0.40219.1
Project("{FAE04EC0-301F-11D3-BF4B-00C04F79EFBC}") = "podautomation", "podautomation\podautomation.csproj", "{E7D6387F-26F6-4F07-97FF-6628FDF0A530}"
EndProject
Global
	GlobalSection(SolutionConfigurationPlatforms) = preSolution
		Debug|Any CPU = Debug|Any CPU
		Release|Any CPU = Release|Any CPU
	EndGlobalSection
	GlobalSection(ProjectConfigurationPlatforms) = postSolution
		{E7D6387F-26F6-4F07-97FF-6628FDF0A530}.Debug|Any CPU.ActiveCfg = Debug|Any CPU
		{E7D6387F-26F6-4F07-97FF-6628FDF0A530}.Debug|Any CPU.Build.0 = Debug|Any CPU
		{E7D6387F-26F6-4F07-97FF-6628FDF0A530}.Release|Any CPU.ActiveCfg = Release|Any CPU
		{E7D6387F-26F6-4F07-97FF-6628FDF0A530}.Release|Any CPU.Build.0 = Release|Any CPU
	EndGlobalSection
	GlobalSection(SolutionProperties) = preSolution
		HideSolutionNode = FALSE
	EndGlobalSection
	GlobalSection(ExtensibilityGlobals) = postSolution
		SolutionGuid = {1A20271F-0766-4D38-838E-EE8566DFEB0A}
	EndGlobalSection
EndGlobal
